
Microsoft Visual Studio Solution File, Format Version 12.00
# Visual Studio 2013
VisualStudioVersion = 12.0.30501.0
MinimumVisualStudioVersion = 10.0.40219.1
Project("{FAE04EC0-301F-11D3-BF4B-00C04F79EFBC}") = "ORM_FORM", "ORM_FORM\ORM_FORM.csproj", "{F731D2A3-0F0A-4ADD-9EF3-95E3EACEECFB}"
EndProject
Project("{FAE04EC0-301F-11D3-BF4B-00C04F79EFBC}") = "ORM_ECOMMERCE", "..\..\..\..\Desktop\INIT\ORM_ECOMMERCE\ORM_ECOMMERCE\ORM_ECOMMERCE.csproj", "{99B7CB4B-D997-437B-AAC2-1CB7581CD790}"
EndProject
Global
	GlobalSection(SolutionConfigurationPlatforms) = preSolution
		Debug|Any CPU = Debug|Any CPU
		Release|Any CPU = Release|Any CPU
	EndGlobalSection
	GlobalSection(ProjectConfigurationPlatforms) = postSolution
		{F731D2A3-0F0A-4ADD-9EF3-95E3EACEECFB}.Debug|Any CPU.ActiveCfg = Debug|Any CPU
		{F731D2A3-0F0A-4ADD-9EF3-95E3EACEECFB}.Debug|Any CPU.Build.0 = Debug|Any CPU
		{F731D2A3-0F0A-4ADD-9EF3-95E3EACEECFB}.Release|Any CPU.ActiveCfg = Release|Any CPU
		{F731D2A3-0F0A-4ADD-9EF3-95E3EACEECFB}.Release|Any CPU.Build.0 = Release|Any CPU
		{99B7CB4B-D997-437B-AAC2-1CB7581CD790}.Debug|Any CPU.ActiveCfg = Debug|Any CPU
		{99B7CB4B-D997-437B-AAC2-1CB7581CD790}.Debug|Any CPU.Build.0 = Debug|Any CPU
		{99B7CB4B-D997-437B-AAC2-1CB7581CD790}.Release|Any CPU.ActiveCfg = Release|Any CPU
		{99B7CB4B-D997-437B-AAC2-1CB7581CD790}.Release|Any CPU.Build.0 = Release|Any CPU
	EndGlobalSection
	GlobalSection(SolutionProperties) = preSolution
		HideSolutionNode = FALSE
	EndGlobalSection
EndGlobal
